// !$*UTF8*$!
{
	archiveVersion = 1;
	classes = {
	};
	objectVersion = 55;
	objects = {

/* Begin PBXBuildFile section */
		6378C30C27EA5CFF0021EE41 /* AppDelegate.swift in Sources */ = {isa = PBXBuildFile; fileRef = 6378C30B27EA5CFF0021EE41 /* AppDelegate.swift */; };
		6378C30E27EA5CFF0021EE41 /* SceneDelegate.swift in Sources */ = {isa = PBXBuildFile; fileRef = 6378C30D27EA5CFF0021EE41 /* SceneDelegate.swift */; };
		6378C31027EA5CFF0021EE41 /* MainVC.swift in Sources */ = {isa = PBXBuildFile; fileRef = 6378C30F27EA5CFF0021EE41 /* MainVC.swift */; };
		6378C31527EA5CFF0021EE41 /* Assets.xcassets in Resources */ = {isa = PBXBuildFile; fileRef = 6378C31427EA5CFF0021EE41 /* Assets.xcassets */; };
		6378C31827EA5CFF0021EE41 /* LaunchScreen.storyboard in Resources */ = {isa = PBXBuildFile; fileRef = 6378C31627EA5CFF0021EE41 /* LaunchScreen.storyboard */; };
		6378C32427EA8D6A0021EE41 /* TopImageCell.swift in Sources */ = {isa = PBXBuildFile; fileRef = 6378C32327EA8D6A0021EE41 /* TopImageCell.swift */; };
		6378C32627EA90200021EE41 /* BottomCell.swift in Sources */ = {isa = PBXBuildFile; fileRef = 6378C32527EA90200021EE41 /* BottomCell.swift */; };
		6378C32A27EA9D320021EE41 /* IconCell.swift in Sources */ = {isa = PBXBuildFile; fileRef = 6378C32927EA9D320021EE41 /* IconCell.swift */; };
/* End PBXBuildFile section */

/* Begin PBXFileReference section */
		6378C30827EA5CFF0021EE41 /* 03- Collection View - Sections.app */ = {isa = PBXFileReference; explicitFileType = wrapper.application; includeInIndex = 0; path = "03- Collection View - Sections.app"; sourceTree = BUILT_PRODUCTS_DIR; };
		6378C30B27EA5CFF0021EE41 /* AppDelegate.swift */ = {isa = PBXFileReference; lastKnownFileType = sourcecode.swift; path = AppDelegate.swift; sourceTree = "<group>"; };
		6378C30D27EA5CFF0021EE41 /* SceneDelegate.swift */ = {isa = PBXFileReference; lastKnownFileType = sourcecode.swift; path = SceneDelegate.swift; sourceTree = "<group>"; };
		6378C30F27EA5CFF0021EE41 /* MainVC.swift */ = {isa = PBXFileReference; lastKnownFileType = sourcecode.swift; path = MainVC.swift; sourceTree = "<group>"; };
		6378C31427EA5CFF0021EE41 /* Assets.xcassets */ = {isa = PBXFileReference; lastKnownFileType = folder.assetcatalog; path = Assets.xcassets; sourceTree = "<group>"; };
		6378C31727EA5CFF0021EE41 /* Base */ = {isa = PBXFileReference; lastKnownFileType = file.storyboard; name = Base; path = Base.lproj/LaunchScreen.storyboard; sourceTree = "<group>"; };
		6378C31927EA5CFF0021EE41 /* Info.plist */ = {isa = PBXFileReference; lastKnownFileType = text.plist.xml; path = Info.plist; sourceTree = "<group>"; };
		6378C32327EA8D6A0021EE41 /* TopImageCell.swift */ = {isa = PBXFileReference; lastKnownFileType = sourcecode.swift; path = TopImageCell.swift; sourceTree = "<group>"; };
		6378C32527EA90200021EE41 /* BottomCell.swift */ = {isa = PBXFileReference; lastKnownFileType = sourcecode.swift; path = BottomCell.swift; sourceTree = "<group>"; };
		6378C32927EA9D320021EE41 /* IconCell.swift */ = {isa = PBXFileReference; lastKnownFileType = sourcecode.swift; path = IconCell.swift; sourceTree = "<group>"; };
/* End PBXFileReference section */

/* Begin PBXFrameworksBuildPhase section */
		6378C30527EA5CFF0021EE41 /* Frameworks */ = {
			isa = PBXFrameworksBuildPhase;
			buildActionMask = 2147483647;
			files = (
			);
			runOnlyForDeploymentPostprocessing = 0;
		};
/* End PBXFrameworksBuildPhase section */

/* Begin PBXGroup section */
		6378C2FF27EA5CFE0021EE41 = {
			isa = PBXGroup;
			children = (
				6378C30A27EA5CFF0021EE41 /* 03- Collection View - Sections */,
				6378C30927EA5CFF0021EE41 /* Products */,
			);
			sourceTree = "<group>";
		};
		6378C30927EA5CFF0021EE41 /* Products */ = {
			isa = PBXGroup;
			children = (
				6378C30827EA5CFF0021EE41 /* 03- Collection View - Sections.app */,
			);
			name = Products;
			sourceTree = "<group>";
		};
		6378C30A27EA5CFF0021EE41 /* 03- Collection View - Sections */ = {
			isa = PBXGroup;
			children = (
				6378C32727EA9CF40021EE41 /* CustomCells */,
				6378C30B27EA5CFF0021EE41 /* AppDelegate.swift */,
				6378C30D27EA5CFF0021EE41 /* SceneDelegate.swift */,
				6378C30F27EA5CFF0021EE41 /* MainVC.swift */,
				6378C31427EA5CFF0021EE41 /* Assets.xcassets */,
				6378C31627EA5CFF0021EE41 /* LaunchScreen.storyboard */,
				6378C31927EA5CFF0021EE41 /* Info.plist */,
			);
			path = "03- Collection View - Sections";
			sourceTree = "<group>";
		};
		6378C32727EA9CF40021EE41 /* CustomCells */ = {
			isa = PBXGroup;
			children = (
				6378C32B27EA9D560021EE41 /* BottomCell */,
				6378C32827EA9D0F0021EE41 /* TopCell */,
			);
			path = CustomCells;
			sourceTree = "<group>";
		};
		6378C32827EA9D0F0021EE41 /* TopCell */ = {
			isa = PBXGroup;
			children = (
				6378C32327EA8D6A0021EE41 /* TopImageCell.swift */,
				6378C32927EA9D320021EE41 /* IconCell.swift */,
			);
			path = TopCell;
			sourceTree = "<group>";
		};
		6378C32B27EA9D560021EE41 /* BottomCell */ = {
			isa = PBXGroup;
			children = (
				6378C32527EA90200021EE41 /* BottomCell.swift */,
			);
			path = BottomCell;
			sourceTree = "<group>";
		};
/* End PBXGroup section */

/* Begin PBXNativeTarget section */
		6378C30727EA5CFF0021EE41 /* 03- Collection View - Sections */ = {
			isa = PBXNativeTarget;
			buildConfigurationList = 6378C31C27EA5CFF0021EE41 /* Build configuration list for PBXNativeTarget "03- Collection View - Sections" */;
			buildPhases = (
				6378C30427EA5CFF0021EE41 /* Sources */,
				6378C30527EA5CFF0021EE41 /* Frameworks */,
				6378C30627EA5CFF0021EE41 /* Resources */,
			);
			buildRules = (
			);
			dependencies = (
			);
			name = "03- Collection View - Sections";
			productName = "03- Collection View - Sections";
			productReference = 6378C30827EA5CFF0021EE41 /* 03- Collection View - Sections.app */;
			productType = "com.apple.product-type.application";
		};
/* End PBXNativeTarget section */

/* Begin PBXProject section */
		6378C30027EA5CFE0021EE41 /* Project object */ = {
			isa = PBXProject;
			attributes = {
				BuildIndependentTargetsInParallel = 1;
				LastSwiftUpdateCheck = 1320;
				LastUpgradeCheck = 1320;
				TargetAttributes = {
					6378C30727EA5CFF0021EE41 = {
						CreatedOnToolsVersion = 13.2.1;
					};
				};
			};
			buildConfigurationList = 6378C30327EA5CFE0021EE41 /* Build configuration list for PBXProject "03- Collection View - Sections" */;
			compatibilityVersion = "Xcode 13.0";
			developmentRegion = en;
			hasScannedForEncodings = 0;
			knownRegions = (
				en,
				Base,
			);
			mainGroup = 6378C2FF27EA5CFE0021EE41;
			productRefGroup = 6378C30927EA5CFF0021EE41 /* Products */;
			projectDirPath = "";
			projectRoot = "";
			targets = (
				6378C30727EA5CFF0021EE41 /* 03- Collection View - Sections */,
			);
		};
/* End PBXProject section */

/* Begin PBXResourcesBuildPhase section */
		6378C30627EA5CFF0021EE41 /* Resources */ = {
			isa = PBXResourcesBuildPhase;
			buildActionMask = 2147483647;
			files = (
				6378C31827EA5CFF0021EE41 /* LaunchScreen.storyboard in Resources */,
				6378C31527EA5CFF0021EE41 /* Assets.xcassets in Resources */,
			);
			runOnlyForDeploymentPostprocessing = 0;
		};
/* End PBXResourcesBuildPhase section */

/* Begin PBXSourcesBuildPhase section */
		6378C30427EA5CFF0021EE41 /* Sources */ = {
			isa = PBXSourcesBuildPhase;
			buildActionMask = 2147483647;
			files = (
				6378C31027EA5CFF0021EE41 /* MainVC.swift in Sources */,
				6378C30C27EA5CFF0021EE41 /* AppDelegate.swift in Sources */,
				6378C32A27EA9D320021EE41 /* IconCell.swift in Sources */,
				6378C32627EA90200021EE41 /* BottomCell.swift in Sources */,
				6378C32427EA8D6A0021EE41 /* TopImageCell.swift in Sources */,
				6378C30E27EA5CFF0021EE41 /* SceneDelegate.swift in Sources */,
			);
			runOnlyForDeploymentPostprocessing = 0;
		};
/* End PBXSourcesBuildPhase section */

/* Begin PBXVariantGroup section */
		6378C31627EA5CFF0021EE41 /* LaunchScreen.storyboard */ = {
			isa = PBXVariantGroup;
			children = (
				6378C31727EA5CFF0021EE41 /* Base */,
			);
			name = LaunchScreen.storyboard;
			sourceTree = "<group>";
		};
/* End PBXVariantGroup section */

/* Begin XCBuildConfiguration section */
		6378C31A27EA5CFF0021EE41 /* Debug */ = {
			isa = XCBuildConfiguration;
			buildSettings = {
				ALWAYS_SEARCH_USER_PATHS = NO;
				CLANG_ANALYZER_NONNULL = YES;
				CLANG_ANALYZER_NUMBER_OBJECT_CONVERSION = YES_AGGRESSIVE;
				CLANG_CXX_LANGUAGE_STANDARD = "gnu++17";
				CLANG_CXX_LIBRARY = "libc++";
				CLANG_ENABLE_MODULES = YES;
				CLANG_ENABLE_OBJC_ARC = YES;
				CLANG_ENABLE_OBJC_WEAK = YES;
				CLANG_WARN_BLOCK_CAPTURE_AUTORELEASING = YES;
				CLANG_WARN_BOOL_CONVERSION = YES;
				CLANG_WARN_COMMA = YES;
				CLANG_WARN_CONSTANT_CONVERSION = YES;
				CLANG_WARN_DEPRECATED_OBJC_IMPLEMENTATIONS = YES;
				CLANG_WARN_DIRECT_OBJC_ISA_USAGE = YES_ERROR;
				CLANG_WARN_DOCUMENTATION_COMMENTS = YES;
				CLANG_WARN_EMPTY_BODY = YES;
				CLANG_WARN_ENUM_CONVERSION = YES;
				CLANG_WARN_INFINITE_RECURSION = YES;
				CLANG_WARN_INT_CONVERSION = YES;
				CLANG_WARN_NON_LITERAL_NULL_CONVERSION = YES;
				CLANG_WARN_OBJC_IMPLICIT_RETAIN_SELF = YES;
				CLANG_WARN_OBJC_LITERAL_CONVERSION = YES;
				CLANG_WARN_OBJC_ROOT_CLASS = YES_ERROR;
				CLANG_WARN_QUOTED_INCLUDE_IN_FRAMEWORK_HEADER = YES;
				CLANG_WARN_RANGE_LOOP_ANALYSIS = YES;
				CLANG_WARN_STRICT_PROTOTYPES = YES;
				CLANG_WARN_SUSPICIOUS_MOVE = YES;
				CLANG_WARN_UNGUARDED_AVAILABILITY = YES_AGGRESSIVE;
				CLANG_WARN_UNREACHABLE_CODE = YES;
				CLANG_WARN__DUPLICATE_METHOD_MATCH = YES;
				COPY_PHASE_STRIP = NO;
				DEBUG_INFORMATION_FORMAT = dwarf;
				ENABLE_STRICT_OBJC_MSGSEND = YES;
				ENABLE_TESTABILITY = YES;
				GCC_C_LANGUAGE_STANDARD = gnu11;
				GCC_DYNAMIC_NO_PIC = NO;
				GCC_NO_COMMON_BLOCKS = YES;
				GCC_OPTIMIZATION_LEVEL = 0;
				GCC_PREPROCESSOR_DEFINITIONS = (
					"DEBUG=1",
					"$(inherited)",
				);
				GCC_WARN_64_TO_32_BIT_CONVERSION = YES;
				GCC_WARN_ABOUT_RETURN_TYPE = YES_ERROR;
				GCC_WARN_UNDECLARED_SELECTOR = YES;
				GCC_WARN_UNINITIALIZED_AUTOS = YES_AGGRESSIVE;
				GCC_WARN_UNUSED_FUNCTION = YES;
				GCC_WARN_UNUSED_VARIABLE = YES;
				IPHONEOS_DEPLOYMENT_TARGET = 15.2;
				MTL_ENABLE_DEBUG_INFO = INCLUDE_SOURCE;
				MTL_FAST_MATH = YES;
				ONLY_ACTIVE_ARCH = YES;
				SDKROOT = iphoneos;
				SWIFT_ACTIVE_COMPILATION_CONDITIONS = DEBUG;
				SWIFT_OPTIMIZATION_LEVEL = "-Onone";
			};
			name = Debug;
		};
		6378C31B27EA5CFF0021EE41 /* Release */ = {
			isa = XCBuildConfiguration;
			buildSettings = {
				ALWAYS_SEARCH_USER_PATHS = NO;
				CLANG_ANALYZER_NONNULL = YES;
				CLANG_ANALYZER_NUMBER_OBJECT_CONVERSION = YES_AGGRESSIVE;
				CLANG_CXX_LANGUAGE_STANDARD = "gnu++17";
				CLANG_CXX_LIBRARY = "libc++";
				CLANG_ENABLE_MODULES = YES;
				CLANG_ENABLE_OBJC_ARC = YES;
				CLANG_ENABLE_OBJC_WEAK = YES;
				CLANG_WARN_BLOCK_CAPTURE_AUTORELEASING = YES;
				CLANG_WARN_BOOL_CONVERSION = YES;
				CLANG_WARN_COMMA = YES;
				CLANG_WARN_CONSTANT_CONVERSION = YES;
				CLANG_WARN_DEPRECATED_OBJC_IMPLEMENTATIONS = YES;
				CLANG_WARN_DIRECT_OBJC_ISA_USAGE = YES_ERROR;
				CLANG_WARN_DOCUMENTATION_COMMENTS = YES;
				CLANG_WARN_EMPTY_BODY = YES;
				CLANG_WARN_ENUM_CONVERSION = YES;
				CLANG_WARN_INFINITE_RECURSION = YES;
				CLANG_WARN_INT_CONVERSION = YES;
				CLANG_WARN_NON_LITERAL_NULL_CONVERSION = YES;
				CLANG_WARN_OBJC_IMPLICIT_RETAIN_SELF = YES;
				CLANG_WARN_OBJC_LITERAL_CONVERSION = YES;
				CLANG_WARN_OBJC_ROOT_CLASS = YES_ERROR;
				CLANG_WARN_QUOTED_INCLUDE_IN_FRAMEWORK_HEADER = YES;
				CLANG_WARN_RANGE_LOOP_ANALYSIS = YES;
				CLANG_WARN_STRICT_PROTOTYPES = YES;
				CLANG_WARN_SUSPICIOUS_MOVE = YES;
				CLANG_WARN_UNGUARDED_AVAILABILITY = YES_AGGRESSIVE;
				CLANG_WARN_UNREACHABLE_CODE = YES;
				CLANG_WARN__DUPLICATE_METHOD_MATCH = YES;
				COPY_PHASE_STRIP = NO;
				DEBUG_INFORMATION_FORMAT = "dwarf-with-dsym";
				ENABLE_NS_ASSERTIONS = NO;
				ENABLE_STRICT_OBJC_MSGSEND = YES;
				GCC_C_LANGUAGE_STANDARD = gnu11;
				GCC_NO_COMMON_BLOCKS = YES;
				GCC_WARN_64_TO_32_BIT_CONVERSION = YES;
				GCC_WARN_ABOUT_RETURN_TYPE = YES_ERROR;
				GCC_WARN_UNDECLARED_SELECTOR = YES;
				GCC_WARN_UNINITIALIZED_AUTOS = YES_AGGRESSIVE;
				GCC_WARN_UNUSED_FUNCTION = YES;
				GCC_WARN_UNUSED_VARIABLE = YES;
				IPHONEOS_DEPLOYMENT_TARGET = 15.2;
				MTL_ENABLE_DEBUG_INFO = NO;
				MTL_FAST_MATH = YES;
				SDKROOT = iphoneos;
				SWIFT_COMPILATION_MODE = wholemodule;
				SWIFT_OPTIMIZATION_LEVEL = "-O";
				VALIDATE_PRODUCT = YES;
			};
			name = Release;
		};
		6378C31D27EA5CFF0021EE41 /* Debug */ = {
			isa = XCBuildConfiguration;
			buildSettings = {
				ASSETCATALOG_COMPILER_APPICON_NAME = AppIcon;
				ASSETCATALOG_COMPILER_GLOBAL_ACCENT_COLOR_NAME = AccentColor;
				CODE_SIGN_STYLE = Automatic;
				CURRENT_PROJECT_VERSION = 1;
				DEVELOPMENT_TEAM = YW89A2JD7V;
				GENERATE_INFOPLIST_FILE = YES;
				INFOPLIST_FILE = "03- Collection View - Sections/Info.plist";
				INFOPLIST_KEY_UIApplicationSupportsIndirectInputEvents = YES;
				INFOPLIST_KEY_UILaunchStoryboardName = LaunchScreen;
				INFOPLIST_KEY_UISupportedInterfaceOrientations_iPad = "UIInterfaceOrientationPortrait UIInterfaceOrientationPortraitUpsideDown UIInterfaceOrientationLandscapeLeft UIInterfaceOrientationLandscapeRight";
				INFOPLIST_KEY_UISupportedInterfaceOrientations_iPhone = "UIInterfaceOrientationPortrait UIInterfaceOrientationLandscapeLeft UIInterfaceOrientationLandscapeRight";
				LD_RUNPATH_SEARCH_PATHS = (
					"$(inherited)",
					"@executable_path/Frameworks",
				);
				MARKETING_VERSION = 1.0;
				PRODUCT_BUNDLE_IDENTIFIER = "com.ugurhmz.-3--Collection-View---Sections";
				PRODUCT_NAME = "$(TARGET_NAME)";
				SWIFT_EMIT_LOC_STRINGS = YES;
				SWIFT_VERSION = 5.0;
				TARGETED_DEVICE_FAMILY = "1,2";
			};
			name = Debug;
		};
		6378C31E27EA5CFF0021EE41 /* Release */ = {
			isa = XCBuildConfiguration;
			buildSettings = {
				ASSETCATALOG_COMPILER_APPICON_NAME = AppIcon;
				ASSETCATALOG_COMPILER_GLOBAL_ACCENT_COLOR_NAME = AccentColor;
				CODE_SIGN_STYLE = Automatic;
				CURRENT_PROJECT_VERSION = 1;
				DEVELOPMENT_TEAM = YW89A2JD7V;
				GENERATE_INFOPLIST_FILE = YES;
				INFOPLIST_FILE = "03- Collection View - Sections/Info.plist";
				INFOPLIST_KEY_UIApplicationSupportsIndirectInputEvents = YES;
				INFOPLIST_KEY_UILaunchStoryboardName = LaunchScreen;
				INFOPLIST_KEY_UISupportedInterfaceOrientations_iPad = "UIInterfaceOrientationPortrait UIInterfaceOrientationPortraitUpsideDown UIInterfaceOrientationLandscapeLeft UIInterfaceOrientationLandscapeRight";
				INFOPLIST_KEY_UISupportedInterfaceOrientations_iPhone = "UIInterfaceOrientationPortrait UIInterfaceOrientationLandscapeLeft UIInterfaceOrientationLandscapeRight";
				LD_RUNPATH_SEARCH_PATHS = (
					"$(inherited)",
					"@executable_path/Frameworks",
				);
				MARKETING_VERSION = 1.0;
				PRODUCT_BUNDLE_IDENTIFIER = "com.ugurhmz.-3--Collection-View---Sections";
				PRODUCT_NAME = "$(TARGET_NAME)";
				SWIFT_EMIT_LOC_STRINGS = YES;
				SWIFT_VERSION = 5.0;
				TARGETED_DEVICE_FAMILY = "1,2";
			};
			name = Release;
		};
/* End XCBuildConfiguration section */

/* Begin XCConfigurationList section */
		6378C30327EA5CFE0021EE41 /* Build configuration list for PBXProject "03- Collection View - Sections" */ = {
			isa = XCConfigurationList;
			buildConfigurations = (
				6378C31A27EA5CFF0021EE41 /* Debug */,
				6378C31B27EA5CFF0021EE41 /* Release */,
			);
			defaultConfigurationIsVisible = 0;
			defaultConfigurationName = Release;
		};
		6378C31C27EA5CFF0021EE41 /* Build configuration list for PBXNativeTarget "03- Collection View - Sections" */ = {
			isa = XCConfigurationList;
			buildConfigurations = (
				6378C31D27EA5CFF0021EE41 /* Debug */,
				6378C31E27EA5CFF0021EE41 /* Release */,
			);
			defaultConfigurationIsVisible = 0;
			defaultConfigurationName = Release;
		};
/* End XCConfigurationList section */
	};
	rootObject = 6378C30027EA5CFE0021EE41 /* Project object */;
}
